
Microsoft Visual Studio Solution File, Format Version 12.00
# Visual Studio 14
VisualStudioVersion = 14.0.24720.0
MinimumVisualStudioVersion = 10.0.40219.1
Project("{8BC9CEB8-8B4A-11D0-8D11-00A0C91BC942}") = "Sorts", "Sorts\Sorts.vcxproj", "{516F36D5-489D-493E-8DB5-413F46B7E25D}"
EndProject
Project("{8BC9CEB8-8B4A-11D0-8D11-00A0C91BC942}") = "Graphs", "Graphs\Graphs.vcxproj", "{F182E77D-C593-4B70-97BB-58240650E94F}"
EndProject
Project("{8BC9CEB8-8B4A-11D0-8D11-00A0C91BC942}") = "Trees", "Trees\Trees.vcxproj", "{2CB1E139-7833-4E27-8C71-0AA096C047A3}"
EndProject
Project("{8BC9CEB8-8B4A-11D0-8D11-00A0C91BC942}") = "Lists", "Lists\Lists.vcxproj", "{A36ADA8E-963F-4949-89BD-35293CBC196A}"
EndProject
Project("{8BC9CEB8-8B4A-11D0-8D11-00A0C91BC942}") = "ListsTests", "ListsTests\ListsTests.vcxproj", "{71AE72A0-A3E7-44C5-A356-BE830213222A}"
EndProject
Project("{8BC9CEB8-8B4A-11D0-8D11-00A0C91BC942}") = "SortsTests", "SortsTests\SortsTests.vcxproj", "{46E0E9E5-A2D4-4572-9A12-BF92BDBC20C5}"
EndProject
Project("{8BC9CEB8-8B4A-11D0-8D11-00A0C91BC942}") = "HashTable", "HashTable\HashTable.vcxproj", "{EA9D77EC-FBC4-49FC-B5BB-B0A59CC29AF0}"
EndProject
Global
	GlobalSection(SolutionConfigurationPlatforms) = preSolution
		Debug|Win32 = Debug|Win32
		Debug|x64 = Debug|x64
		Release|Win32 = Release|Win32
		Release|x64 = Release|x64
	EndGlobalSection
	GlobalSection(ProjectConfigurationPlatforms) = postSolution
		{516F36D5-489D-493E-8DB5-413F46B7E25D}.Debug|Win32.ActiveCfg = Debug|Win32
		{516F36D5-489D-493E-8DB5-413F46B7E25D}.Debug|Win32.Build.0 = Debug|Win32
		{516F36D5-489D-493E-8DB5-413F46B7E25D}.Debug|x64.ActiveCfg = Debug|Win32
		{516F36D5-489D-493E-8DB5-413F46B7E25D}.Release|Win32.ActiveCfg = Release|Win32
		{516F36D5-489D-493E-8DB5-413F46B7E25D}.Release|Win32.Build.0 = Release|Win32
		{516F36D5-489D-493E-8DB5-413F46B7E25D}.Release|x64.ActiveCfg = Release|Win32
		{F182E77D-C593-4B70-97BB-58240650E94F}.Debug|Win32.ActiveCfg = Debug|Win32
		{F182E77D-C593-4B70-97BB-58240650E94F}.Debug|Win32.Build.0 = Debug|Win32
		{F182E77D-C593-4B70-97BB-58240650E94F}.Debug|x64.ActiveCfg = Debug|Win32
		{F182E77D-C593-4B70-97BB-58240650E94F}.Release|Win32.ActiveCfg = Release|Win32
		{F182E77D-C593-4B70-97BB-58240650E94F}.Release|Win32.Build.0 = Release|Win32
		{F182E77D-C593-4B70-97BB-58240650E94F}.Release|x64.ActiveCfg = Release|Win32
		{2CB1E139-7833-4E27-8C71-0AA096C047A3}.Debug|Win32.ActiveCfg = Debug|Win32
		{2CB1E139-7833-4E27-8C71-0AA096C047A3}.Debug|Win32.Build.0 = Debug|Win32
		{2CB1E139-7833-4E27-8C71-0AA096C047A3}.Debug|x64.ActiveCfg = Debug|Win32
		{2CB1E139-7833-4E27-8C71-0AA096C047A3}.Release|Win32.ActiveCfg = Release|Win32
		{2CB1E139-7833-4E27-8C71-0AA096C047A3}.Release|Win32.Build.0 = Release|Win32
		{2CB1E139-7833-4E27-8C71-0AA096C047A3}.Release|x64.ActiveCfg = Release|Win32
		{A36ADA8E-963F-4949-89BD-35293CBC196A}.Debug|Win32.ActiveCfg = Debug|Win32
		{A36ADA8E-963F-4949-89BD-35293CBC196A}.Debug|Win32.Build.0 = Debug|Win32
		{A36ADA8E-963F-4949-89BD-35293CBC196A}.Debug|x64.ActiveCfg = Debug|x64
		{A36ADA8E-963F-4949-89BD-35293CBC196A}.Debug|x64.Build.0 = Debug|x64
		{A36ADA8E-963F-4949-89BD-35293CBC196A}.Release|Win32.ActiveCfg = Release|Win32
		{A36ADA8E-963F-4949-89BD-35293CBC196A}.Release|Win32.Build.0 = Release|Win32
		{A36ADA8E-963F-4949-89BD-35293CBC196A}.Release|x64.ActiveCfg = Release|x64
		{A36ADA8E-963F-4949-89BD-35293CBC196A}.Release|x64.Build.0 = Release|x64
		{71AE72A0-A3E7-44C5-A356-BE830213222A}.Debug|Win32.ActiveCfg = Debug|Win32
		{71AE72A0-A3E7-44C5-A356-BE830213222A}.Debug|Win32.Build.0 = Debug|Win32
		{71AE72A0-A3E7-44C5-A356-BE830213222A}.Debug|x64.ActiveCfg = Debug|x64
		{71AE72A0-A3E7-44C5-A356-BE830213222A}.Debug|x64.Build.0 = Debug|x64
		{71AE72A0-A3E7-44C5-A356-BE830213222A}.Release|Win32.ActiveCfg = Release|Win32
		{71AE72A0-A3E7-44C5-A356-BE830213222A}.Release|Win32.Build.0 = Release|Win32
		{71AE72A0-A3E7-44C5-A356-BE830213222A}.Release|x64.ActiveCfg = Release|x64
		{71AE72A0-A3E7-44C5-A356-BE830213222A}.Release|x64.Build.0 = Release|x64
		{46E0E9E5-A2D4-4572-9A12-BF92BDBC20C5}.Debug|Win32.ActiveCfg = Debug|Win32
		{46E0E9E5-A2D4-4572-9A12-BF92BDBC20C5}.Debug|Win32.Build.0 = Debug|Win32
		{46E0E9E5-A2D4-4572-9A12-BF92BDBC20C5}.Debug|x64.ActiveCfg = Debug|x64
		{46E0E9E5-A2D4-4572-9A12-BF92BDBC20C5}.Debug|x64.Build.0 = Debug|x64
		{46E0E9E5-A2D4-4572-9A12-BF92BDBC20C5}.Release|Win32.ActiveCfg = Release|Win32
		{46E0E9E5-A2D4-4572-9A12-BF92BDBC20C5}.Release|Win32.Build.0 = Release|Win32
		{46E0E9E5-A2D4-4572-9A12-BF92BDBC20C5}.Release|x64.ActiveCfg = Release|x64
		{46E0E9E5-A2D4-4572-9A12-BF92BDBC20C5}.Release|x64.Build.0 = Release|x64
		{EA9D77EC-FBC4-49FC-B5BB-B0A59CC29AF0}.Debug|Win32.ActiveCfg = Debug|Win32
		{EA9D77EC-FBC4-49FC-B5BB-B0A59CC29AF0}.Debug|Win32.Build.0 = Debug|Win32
		{EA9D77EC-FBC4-49FC-B5BB-B0A59CC29AF0}.Debug|x64.ActiveCfg = Debug|x64
		{EA9D77EC-FBC4-49FC-B5BB-B0A59CC29AF0}.Debug|x64.Build.0 = Debug|x64
		{EA9D77EC-FBC4-49FC-B5BB-B0A59CC29AF0}.Release|Win32.ActiveCfg = Release|Win32
		{EA9D77EC-FBC4-49FC-B5BB-B0A59CC29AF0}.Release|Win32.Build.0 = Release|Win32
		{EA9D77EC-FBC4-49FC-B5BB-B0A59CC29AF0}.Release|x64.ActiveCfg = Release|x64
		{EA9D77EC-FBC4-49FC-B5BB-B0A59CC29AF0}.Release|x64.Build.0 = Release|x64
	EndGlobalSection
	GlobalSection(SolutionProperties) = preSolution
		HideSolutionNode = FALSE
	EndGlobalSection
EndGlobal
