<?xml version="1.0" encoding="utf-8"?>
<Project ToolsVersion="4.0" xmlns="http://schemas.microsoft.com/developer/msbuild/2003">
  <ItemGroup>
    <Filter Include="Source Files">
      <UniqueIdentifier>{4FC737F1-C7A5-4376-A066-2A32D752A2FF}</UniqueIdentifier>
      <Extensions>cpp;c;cc;cxx;def;odl;idl;hpj;bat;asm;asmx</Extensions>
    </Filter>
    <Filter Include="Header Files">
      <UniqueIdentifier>{93995380-89BD-4b04-88EB-625FBE52EBFB}</UniqueIdentifier>
      <Extensions>h;hh;hpp;hxx;hm;inl;inc;xsd</Extensions>
    </Filter>
    <Filter Include="Source Files\Lists">
      <UniqueIdentifier>{61441978-e2d1-436f-8c5c-1872380558ff}</UniqueIdentifier>
    </Filter>
    <Filter Include="Source Files\Sorts">
      <UniqueIdentifier>{847e001f-ad36-4821-84e0-0fbf91e6ec8a}</UniqueIdentifier>
    </Filter>
    <Filter Include="Source Files\Trees">
      <UniqueIdentifier>{ee0eaa7d-827e-4aae-8e8f-eb8532b0baf9}</UniqueIdentifier>
    </Filter>
  </ItemGroup>
  <ItemGroup>
    <ClInclude Include="stdafx.h">
      <Filter>Header Files</Filter>
    </ClInclude>
    <ClInclude Include="targetver.h">
      <Filter>Header Files</Filter>
    </ClInclude>
    <ClInclude Include="TestsConsts.hpp">
      <Filter>Header Files</Filter>
    </ClInclude>
  </ItemGroup>
  <ItemGroup>
    <ClCompile Include="stdafx.cpp">
      <Filter>Source Files</Filter>
    </ClCompile>
    <ClCompile Include="StackTest.cpp">
      <Filter>Source Files\Lists</Filter>
    </ClCompile>
    <ClCompile Include="QueueTest.cpp">
      <Filter>Source Files\Lists</Filter>
    </ClCompile>
    <ClCompile Include="SortsTest.cpp">
      <Filter>Source Files\Sorts</Filter>
    </ClCompile>
    <ClCompile Include="BinarySearchTreeTests.cpp">
      <Filter>Source Files\Trees</Filter>
    </ClCompile>
  </ItemGroup>
</Project>